dependencies:
- name: nats
  repository: https://charts.bitnami.com/bitnami
  version: 5.0.0
- name: redis
  repository: https://charts.bitnami.com/bitnami
  version: 10.7.5
- name: etcd
  repository: https://charts.bitnami.com/bitnami
  version: 4.12.2
digest: sha256:44ef0ff2e9b51cc315ac6907c3c29f2c197b7e6bca5ddb5d8f80b3003b2cda98
generated: "2020-11-30T02:24:26.856982317Z"
