dependencies:
- name: nats
  repository: https://charts.bitnami.com/bitnami
  version: 6.0.0
- name: redis
  repository: https://charts.bitnami.com/bitnami
  version: 12.9.0
- name: etcd
  repository: https://charts.bitnami.com/bitnami
  version: 5.3.0
digest: sha256:4629320b08ba722f7f4ef2ad0b6e4a71633afbdb7e0aec172400b9eceb71f9ff
generated: "2021-03-25T09:53:39.95260322Z"
