dependencies:
- name: nats
  repository: https://charts.bitnami.com/bitnami
  version: 6.2.3
- name: redis
  repository: https://charts.bitnami.com/bitnami
  version: 12.1.1
- name: etcd
  repository: https://charts.bitnami.com/bitnami
  version: 5.3.0
digest: sha256:c0971a4510dd56118be02d82d95849268648087b598f076a3824dbba760b8010
generated: "2021-03-19T19:59:29.865553747Z"
